
Microsoft Visual Studio Solution File, Format Version 12.00
# Visual Studio 2012
Project("{8BC9CEB8-8B4A-11D0-8D11-00A0C91BC942}") = "MyExecRefsLib_1", "MyExecRefsLib_1\MyExecRefsLib_1.vcxproj", "{D57168A1-A3AF-441D-94E4-C81A3EB297AE}"
EndProject
Global
	GlobalSection(SolutionConfigurationPlatforms) = preSolution
		Debug|Win32 = Debug|Win32
		Release|Win32 = Release|Win32
	EndGlobalSection
	GlobalSection(ProjectConfigurationPlatforms) = postSolution
		{D57168A1-A3AF-441D-94E4-C81A3EB297AE}.Debug|Win32.ActiveCfg = Debug|Win32
		{D57168A1-A3AF-441D-94E4-C81A3EB297AE}.Debug|Win32.Build.0 = Debug|Win32
		{D57168A1-A3AF-441D-94E4-C81A3EB297AE}.Release|Win32.ActiveCfg = Release|Win32
		{D57168A1-A3AF-441D-94E4-C81A3EB297AE}.Release|Win32.Build.0 = Release|Win32
	EndGlobalSection
	GlobalSection(SolutionProperties) = preSolution
		HideSolutionNode = FALSE
	EndGlobalSection
EndGlobal
